
Microsoft Visual Studio Solution File, Format Version 12.00
# Visual Studio Version 17
VisualStudioVersion = 17.4.33213.308
MinimumVisualStudioVersion = 10.0.40219.1
Project("{FAE04EC0-301F-11D3-BF4B-00C04F79EFBC}") = "DatingApp", "DatingApp\DatingApp.csproj", "{E3799A13-2F69-48D3-9BAF-93B220E33DB0}"
EndProject
Global
	GlobalSection(SolutionConfigurationPlatforms) = preSolution
		Debug|Any CPU = Debug|Any CPU
		Release|Any CPU = Release|Any CPU
	EndGlobalSection
	GlobalSection(ProjectConfigurationPlatforms) = postSolution
		{E3799A13-2F69-48D3-9BAF-93B220E33DB0}.Debug|Any CPU.ActiveCfg = Debug|Any CPU
		{E3799A13-2F69-48D3-9BAF-93B220E33DB0}.Debug|Any CPU.Build.0 = Debug|Any CPU
		{E3799A13-2F69-48D3-9BAF-93B220E33DB0}.Release|Any CPU.ActiveCfg = Release|Any CPU
		{E3799A13-2F69-48D3-9BAF-93B220E33DB0}.Release|Any CPU.Build.0 = Release|Any CPU
	EndGlobalSection
	GlobalSection(SolutionProperties) = preSolution
		HideSolutionNode = FALSE
	EndGlobalSection
	GlobalSection(ExtensibilityGlobals) = postSolution
		SolutionGuid = {B51CAB52-6BC8-4036-81F1-91522BFE4DF6}
	EndGlobalSection
EndGlobal
